
Microsoft Visual Studio Solution File, Format Version 12.00
# Visual Studio Version 17
VisualStudioVersion = 17.11.35222.181
MinimumVisualStudioVersion = 10.0.40219.1
Project("{FAE04EC0-301F-11D3-BF4B-00C04F79EFBC}") = "Play-ease Backend", "Play-ease Backend\Play-ease Backend.csproj", "{C80306FF-2EE8-485E-9B1F-80C51385E11B}"
EndProject
Global
	GlobalSection(SolutionConfigurationPlatforms) = preSolution
		Debug|Any CPU = Debug|Any CPU
		Release|Any CPU = Release|Any CPU
	EndGlobalSection
	GlobalSection(ProjectConfigurationPlatforms) = postSolution
		{C80306FF-2EE8-485E-9B1F-80C51385E11B}.Debug|Any CPU.ActiveCfg = Debug|Any CPU
		{C80306FF-2EE8-485E-9B1F-80C51385E11B}.Debug|Any CPU.Build.0 = Debug|Any CPU
		{C80306FF-2EE8-485E-9B1F-80C51385E11B}.Release|Any CPU.ActiveCfg = Release|Any CPU
		{C80306FF-2EE8-485E-9B1F-80C51385E11B}.Release|Any CPU.Build.0 = Release|Any CPU
	EndGlobalSection
	GlobalSection(SolutionProperties) = preSolution
		HideSolutionNode = FALSE
	EndGlobalSection
	GlobalSection(ExtensibilityGlobals) = postSolution
		SolutionGuid = {5EFDAF1C-5FA0-4C93-A11D-D7128C7F0D46}
	EndGlobalSection
EndGlobal
